<?xml version="1.0" encoding="utf-8"?>
<Project ToolsVersion="4.0" xmlns="http://schemas.microsoft.com/developer/msbuild/2003">
  <ItemGroup>
    <ClInclude Include="enums.h" />
    <ClInclude Include="quoter.h" />
    <ClInclude Include="trader.h" />
    <ClInclude Include="ftdc2c_ctp.h" />
  </ItemGroup>
  <ItemGroup>
    <ClCompile Include="ftdc2c_ctp.cpp" />
  </ItemGroup>
  <ItemGroup>
    <Text Include="6.3.15_20190220.txt" />
  </ItemGroup>
</Project>